// !$*UTF8*$!
{
	archiveVersion = 1;
	classes = {
	};
	objectVersion = 50;
	objects = {

/* Begin PBXBuildFile section */
		90082646257CFBE30007E598 /* BlogApp.swift in Sources */ = {isa = PBXBuildFile; fileRef = 90082645257CFBE30007E598 /* BlogApp.swift */; };
		90082648257CFBE30007E598 /* ContentView.swift in Sources */ = {isa = PBXBuildFile; fileRef = 90082647257CFBE30007E598 /* ContentView.swift */; };
		9008264A257CFBEB0007E598 /* Assets.xcassets in Resources */ = {isa = PBXBuildFile; fileRef = 90082649257CFBEB0007E598 /* Assets.xcassets */; };
		9008264D257CFBEB0007E598 /* Preview Assets.xcassets in Resources */ = {isa = PBXBuildFile; fileRef = 9008264C257CFBEB0007E598 /* Preview Assets.xcassets */; };
		9008264F257CFBEB0007E598 /* Persistence.swift in Sources */ = {isa = PBXBuildFile; fileRef = 9008264E257CFBEB0007E598 /* Persistence.swift */; };
		90082652257CFBEB0007E598 /* Blog.xcdatamodeld in Sources */ = {isa = PBXBuildFile; fileRef = 90082650257CFBEB0007E598 /* Blog.xcdatamodeld */; };
		9008265C257D03840007E598 /* CoreDataManager.swift in Sources */ = {isa = PBXBuildFile; fileRef = 9008265B257D03830007E598 /* CoreDataManager.swift */; };
		90082662257D06F50007E598 /* PostListViewModel.swift in Sources */ = {isa = PBXBuildFile; fileRef = 90082661257D06F50007E598 /* PostListViewModel.swift */; };
		90082666257D0C100007E598 /* AddPostView.swift in Sources */ = {isa = PBXBuildFile; fileRef = 90082665257D0C100007E598 /* AddPostView.swift */; };
		90082669257D0C3B0007E598 /* AddPostViewModel.swift in Sources */ = {isa = PBXBuildFile; fileRef = 90082668257D0C3B0007E598 /* AddPostViewModel.swift */; };
		9008266C257D0D600007E598 /* View+Extensions.swift in Sources */ = {isa = PBXBuildFile; fileRef = 9008266B257D0D5F0007E598 /* View+Extensions.swift */; };
		9008266F257D12900007E598 /* PostDetailView.swift in Sources */ = {isa = PBXBuildFile; fileRef = 9008266E257D128F0007E598 /* PostDetailView.swift */; };
		90082672257D13870007E598 /* UpdateViewModel.swift in Sources */ = {isa = PBXBuildFile; fileRef = 90082671257D13870007E598 /* UpdateViewModel.swift */; };
		9041551C258B8FC100E51A4C /* ConfigView.swift in Sources */ = {isa = PBXBuildFile; fileRef = 9041551B258B8FC100E51A4C /* ConfigView.swift */; };
/* End PBXBuildFile section */

/* Begin PBXFileReference section */
		90082642257CFBE30007E598 /* Blog.app */ = {isa = PBXFileReference; explicitFileType = wrapper.application; includeInIndex = 0; path = Blog.app; sourceTree = BUILT_PRODUCTS_DIR; };
		90082645257CFBE30007E598 /* BlogApp.swift */ = {isa = PBXFileReference; lastKnownFileType = sourcecode.swift; path = BlogApp.swift; sourceTree = "<group>"; };
		90082647257CFBE30007E598 /* ContentView.swift */ = {isa = PBXFileReference; lastKnownFileType = sourcecode.swift; path = ContentView.swift; sourceTree = "<group>"; };
		90082649257CFBEB0007E598 /* Assets.xcassets */ = {isa = PBXFileReference; lastKnownFileType = folder.assetcatalog; path = Assets.xcassets; sourceTree = "<group>"; };
		9008264C257CFBEB0007E598 /* Preview Assets.xcassets */ = {isa = PBXFileReference; lastKnownFileType = folder.assetcatalog; path = "Preview Assets.xcassets"; sourceTree = "<group>"; };
		9008264E257CFBEB0007E598 /* Persistence.swift */ = {isa = PBXFileReference; lastKnownFileType = sourcecode.swift; path = Persistence.swift; sourceTree = "<group>"; };
		90082651257CFBEB0007E598 /* Blog.xcdatamodel */ = {isa = PBXFileReference; lastKnownFileType = wrapper.xcdatamodel; path = Blog.xcdatamodel; sourceTree = "<group>"; };
		90082653257CFBEB0007E598 /* Info.plist */ = {isa = PBXFileReference; lastKnownFileType = text.plist.xml; path = Info.plist; sourceTree = "<group>"; };
		9008265B257D03830007E598 /* CoreDataManager.swift */ = {isa = PBXFileReference; lastKnownFileType = sourcecode.swift; path = CoreDataManager.swift; sourceTree = "<group>"; };
		90082661257D06F50007E598 /* PostListViewModel.swift */ = {isa = PBXFileReference; lastKnownFileType = sourcecode.swift; path = PostListViewModel.swift; sourceTree = "<group>"; };
		90082665257D0C100007E598 /* AddPostView.swift */ = {isa = PBXFileReference; lastKnownFileType = sourcecode.swift; path = AddPostView.swift; sourceTree = "<group>"; };
		90082668257D0C3B0007E598 /* AddPostViewModel.swift */ = {isa = PBXFileReference; lastKnownFileType = sourcecode.swift; path = AddPostViewModel.swift; sourceTree = "<group>"; };
		9008266B257D0D5F0007E598 /* View+Extensions.swift */ = {isa = PBXFileReference; lastKnownFileType = sourcecode.swift; path = "View+Extensions.swift"; sourceTree = "<group>"; };
		9008266E257D128F0007E598 /* PostDetailView.swift */ = {isa = PBXFileReference; lastKnownFileType = sourcecode.swift; path = PostDetailView.swift; sourceTree = "<group>"; };
		90082671257D13870007E598 /* UpdateViewModel.swift */ = {isa = PBXFileReference; lastKnownFileType = sourcecode.swift; path = UpdateViewModel.swift; sourceTree = "<group>"; };
		9041551B258B8FC100E51A4C /* ConfigView.swift */ = {isa = PBXFileReference; lastKnownFileType = sourcecode.swift; path = ConfigView.swift; sourceTree = "<group>"; };
/* End PBXFileReference section */

/* Begin PBXFrameworksBuildPhase section */
		9008263F257CFBE30007E598 /* Frameworks */ = {
			isa = PBXFrameworksBuildPhase;
			buildActionMask = 2147483647;
			files = (
			);
			runOnlyForDeploymentPostprocessing = 0;
		};
/* End PBXFrameworksBuildPhase section */

/* Begin PBXGroup section */
		90082639257CFBE30007E598 = {
			isa = PBXGroup;
			children = (
				90082644257CFBE30007E598 /* Blog */,
				90082643257CFBE30007E598 /* Products */,
			);
			sourceTree = "<group>";
		};
		90082643257CFBE30007E598 /* Products */ = {
			isa = PBXGroup;
			children = (
				90082642257CFBE30007E598 /* Blog.app */,
			);
			name = Products;
			sourceTree = "<group>";
		};
		90082644257CFBE30007E598 /* Blog */ = {
			isa = PBXGroup;
			children = (
				90415518258B8F6400E51A4C /* View */,
				90082660257D06E00007E598 /* View Models */,
				9008265F257D03D70007E598 /* Extensions */,
				9008265A257D036B0007E598 /* Managers */,
				90082645257CFBE30007E598 /* BlogApp.swift */,
				90082649257CFBEB0007E598 /* Assets.xcassets */,
				9008264E257CFBEB0007E598 /* Persistence.swift */,
				90082653257CFBEB0007E598 /* Info.plist */,
				90082650257CFBEB0007E598 /* Blog.xcdatamodeld */,
				9008264B257CFBEB0007E598 /* Preview Content */,
			);
			path = Blog;
			sourceTree = "<group>";
		};
		9008264B257CFBEB0007E598 /* Preview Content */ = {
			isa = PBXGroup;
			children = (
				9008264C257CFBEB0007E598 /* Preview Assets.xcassets */,
			);
			path = "Preview Content";
			sourceTree = "<group>";
		};
		9008265A257D036B0007E598 /* Managers */ = {
			isa = PBXGroup;
			children = (
				9008265B257D03830007E598 /* CoreDataManager.swift */,
			);
			path = Managers;
			sourceTree = "<group>";
		};
		9008265F257D03D70007E598 /* Extensions */ = {
			isa = PBXGroup;
			children = (
				9008266B257D0D5F0007E598 /* View+Extensions.swift */,
			);
			path = Extensions;
			sourceTree = "<group>";
		};
		90082660257D06E00007E598 /* View Models */ = {
			isa = PBXGroup;
			children = (
				90082661257D06F50007E598 /* PostListViewModel.swift */,
				90082668257D0C3B0007E598 /* AddPostViewModel.swift */,
				90082671257D13870007E598 /* UpdateViewModel.swift */,
			);
			path = "View Models";
			sourceTree = "<group>";
		};
		90415518258B8F6400E51A4C /* View */ = {
			isa = PBXGroup;
			children = (
				90082647257CFBE30007E598 /* ContentView.swift */,
				90082665257D0C100007E598 /* AddPostView.swift */,
				9008266E257D128F0007E598 /* PostDetailView.swift */,
				9041551B258B8FC100E51A4C /* ConfigView.swift */,
			);
			path = View;
			sourceTree = "<group>";
		};
/* End PBXGroup section */

/* Begin PBXNativeTarget section */
		90082641257CFBE30007E598 /* Blog */ = {
			isa = PBXNativeTarget;
			buildConfigurationList = 90082656257CFBEB0007E598 /* Build configuration list for PBXNativeTarget "Blog" */;
			buildPhases = (
				9008263E257CFBE30007E598 /* Sources */,
				9008263F257CFBE30007E598 /* Frameworks */,
				90082640257CFBE30007E598 /* Resources */,
			);
			buildRules = (
			);
			dependencies = (
			);
			name = Blog;
			productName = Blog;
			productReference = 90082642257CFBE30007E598 /* Blog.app */;
			productType = "com.apple.product-type.application";
		};
/* End PBXNativeTarget section */

/* Begin PBXProject section */
		9008263A257CFBE30007E598 /* Project object */ = {
			isa = PBXProject;
			attributes = {
				LastSwiftUpdateCheck = 1220;
				LastUpgradeCheck = 1220;
				TargetAttributes = {
					90082641257CFBE30007E598 = {
						CreatedOnToolsVersion = 12.2;
					};
				};
			};
			buildConfigurationList = 9008263D257CFBE30007E598 /* Build configuration list for PBXProject "Blog" */;
			compatibilityVersion = "Xcode 9.3";
			developmentRegion = en;
			hasScannedForEncodings = 0;
			knownRegions = (
				en,
				Base,
			);
			mainGroup = 90082639257CFBE30007E598;
			productRefGroup = 90082643257CFBE30007E598 /* Products */;
			projectDirPath = "";
			projectRoot = "";
			targets = (
				90082641257CFBE30007E598 /* Blog */,
			);
		};
/* End PBXProject section */

/* Begin PBXResourcesBuildPhase section */
		90082640257CFBE30007E598 /* Resources */ = {
			isa = PBXResourcesBuildPhase;
			buildActionMask = 2147483647;
			files = (
				9008264D257CFBEB0007E598 /* Preview Assets.xcassets in Resources */,
				9008264A257CFBEB0007E598 /* Assets.xcassets in Resources */,
			);
			runOnlyForDeploymentPostprocessing = 0;
		};
/* End PBXResourcesBuildPhase section */

/* Begin PBXSourcesBuildPhase section */
		9008263E257CFBE30007E598 /* Sources */ = {
			isa = PBXSourcesBuildPhase;
			buildActionMask = 2147483647;
			files = (
				9041551C258B8FC100E51A4C /* ConfigView.swift in Sources */,
				9008264F257CFBEB0007E598 /* Persistence.swift in Sources */,
				90082672257D13870007E598 /* UpdateViewModel.swift in Sources */,
				9008266F257D12900007E598 /* PostDetailView.swift in Sources */,
				9008266C257D0D600007E598 /* View+Extensions.swift in Sources */,
				90082652257CFBEB0007E598 /* Blog.xcdatamodeld in Sources */,
				90082662257D06F50007E598 /* PostListViewModel.swift in Sources */,
				90082666257D0C100007E598 /* AddPostView.swift in Sources */,
				90082669257D0C3B0007E598 /* AddPostViewModel.swift in Sources */,
				90082648257CFBE30007E598 /* ContentView.swift in Sources */,
				9008265C257D03840007E598 /* CoreDataManager.swift in Sources */,
				90082646257CFBE30007E598 /* BlogApp.swift in Sources */,
			);
			runOnlyForDeploymentPostprocessing = 0;
		};
/* End PBXSourcesBuildPhase section */

/* Begin XCBuildConfiguration section */
		90082654257CFBEB0007E598 /* Debug */ = {
			isa = XCBuildConfiguration;
			buildSettings = {
				ALWAYS_SEARCH_USER_PATHS = NO;
				CLANG_ANALYZER_NONNULL = YES;
				CLANG_ANALYZER_NUMBER_OBJECT_CONVERSION = YES_AGGRESSIVE;
				CLANG_CXX_LANGUAGE_STANDARD = "gnu++14";
				CLANG_CXX_LIBRARY = "libc++";
				CLANG_ENABLE_MODULES = YES;
				CLANG_ENABLE_OBJC_ARC = YES;
				CLANG_ENABLE_OBJC_WEAK = YES;
				CLANG_WARN_BLOCK_CAPTURE_AUTORELEASING = YES;
				CLANG_WARN_BOOL_CONVERSION = YES;
				CLANG_WARN_COMMA = YES;
				CLANG_WARN_CONSTANT_CONVERSION = YES;
				CLANG_WARN_DEPRECATED_OBJC_IMPLEMENTATIONS = YES;
				CLANG_WARN_DIRECT_OBJC_ISA_USAGE = YES_ERROR;
				CLANG_WARN_DOCUMENTATION_COMMENTS = YES;
				CLANG_WARN_EMPTY_BODY = YES;
				CLANG_WARN_ENUM_CONVERSION = YES;
				CLANG_WARN_INFINITE_RECURSION = YES;
				CLANG_WARN_INT_CONVERSION = YES;
				CLANG_WARN_NON_LITERAL_NULL_CONVERSION = YES;
				CLANG_WARN_OBJC_IMPLICIT_RETAIN_SELF = YES;
				CLANG_WARN_OBJC_LITERAL_CONVERSION = YES;
				CLANG_WARN_OBJC_ROOT_CLASS = YES_ERROR;
				CLANG_WARN_QUOTED_INCLUDE_IN_FRAMEWORK_HEADER = YES;
				CLANG_WARN_RANGE_LOOP_ANALYSIS = YES;
				CLANG_WARN_STRICT_PROTOTYPES = YES;
				CLANG_WARN_SUSPICIOUS_MOVE = YES;
				CLANG_WARN_UNGUARDED_AVAILABILITY = YES_AGGRESSIVE;
				CLANG_WARN_UNREACHABLE_CODE = YES;
				CLANG_WARN__DUPLICATE_METHOD_MATCH = YES;
				COPY_PHASE_STRIP = NO;
				DEBUG_INFORMATION_FORMAT = dwarf;
				ENABLE_STRICT_OBJC_MSGSEND = YES;
				ENABLE_TESTABILITY = YES;
				GCC_C_LANGUAGE_STANDARD = gnu11;
				GCC_DYNAMIC_NO_PIC = NO;
				GCC_NO_COMMON_BLOCKS = YES;
				GCC_OPTIMIZATION_LEVEL = 0;
				GCC_PREPROCESSOR_DEFINITIONS = (
					"DEBUG=1",
					"$(inherited)",
				);
				GCC_WARN_64_TO_32_BIT_CONVERSION = YES;
				GCC_WARN_ABOUT_RETURN_TYPE = YES_ERROR;
				GCC_WARN_UNDECLARED_SELECTOR = YES;
				GCC_WARN_UNINITIALIZED_AUTOS = YES_AGGRESSIVE;
				GCC_WARN_UNUSED_FUNCTION = YES;
				GCC_WARN_UNUSED_VARIABLE = YES;
				IPHONEOS_DEPLOYMENT_TARGET = 14.2;
				MTL_ENABLE_DEBUG_INFO = INCLUDE_SOURCE;
				MTL_FAST_MATH = YES;
				ONLY_ACTIVE_ARCH = YES;
				SDKROOT = iphoneos;
				SWIFT_ACTIVE_COMPILATION_CONDITIONS = DEBUG;
				SWIFT_OPTIMIZATION_LEVEL = "-Onone";
			};
			name = Debug;
		};
		90082655257CFBEB0007E598 /* Release */ = {
			isa = XCBuildConfiguration;
			buildSettings = {
				ALWAYS_SEARCH_USER_PATHS = NO;
				CLANG_ANALYZER_NONNULL = YES;
				CLANG_ANALYZER_NUMBER_OBJECT_CONVERSION = YES_AGGRESSIVE;
				CLANG_CXX_LANGUAGE_STANDARD = "gnu++14";
				CLANG_CXX_LIBRARY = "libc++";
				CLANG_ENABLE_MODULES = YES;
				CLANG_ENABLE_OBJC_ARC = YES;
				CLANG_ENABLE_OBJC_WEAK = YES;
				CLANG_WARN_BLOCK_CAPTURE_AUTORELEASING = YES;
				CLANG_WARN_BOOL_CONVERSION = YES;
				CLANG_WARN_COMMA = YES;
				CLANG_WARN_CONSTANT_CONVERSION = YES;
				CLANG_WARN_DEPRECATED_OBJC_IMPLEMENTATIONS = YES;
				CLANG_WARN_DIRECT_OBJC_ISA_USAGE = YES_ERROR;
				CLANG_WARN_DOCUMENTATION_COMMENTS = YES;
				CLANG_WARN_EMPTY_BODY = YES;
				CLANG_WARN_ENUM_CONVERSION = YES;
				CLANG_WARN_INFINITE_RECURSION = YES;
				CLANG_WARN_INT_CONVERSION = YES;
				CLANG_WARN_NON_LITERAL_NULL_CONVERSION = YES;
				CLANG_WARN_OBJC_IMPLICIT_RETAIN_SELF = YES;
				CLANG_WARN_OBJC_LITERAL_CONVERSION = YES;
				CLANG_WARN_OBJC_ROOT_CLASS = YES_ERROR;
				CLANG_WARN_QUOTED_INCLUDE_IN_FRAMEWORK_HEADER = YES;
				CLANG_WARN_RANGE_LOOP_ANALYSIS = YES;
				CLANG_WARN_STRICT_PROTOTYPES = YES;
				CLANG_WARN_SUSPICIOUS_MOVE = YES;
				CLANG_WARN_UNGUARDED_AVAILABILITY = YES_AGGRESSIVE;
				CLANG_WARN_UNREACHABLE_CODE = YES;
				CLANG_WARN__DUPLICATE_METHOD_MATCH = YES;
				COPY_PHASE_STRIP = NO;
				DEBUG_INFORMATION_FORMAT = "dwarf-with-dsym";
				ENABLE_NS_ASSERTIONS = NO;
				ENABLE_STRICT_OBJC_MSGSEND = YES;
				GCC_C_LANGUAGE_STANDARD = gnu11;
				GCC_NO_COMMON_BLOCKS = YES;
				GCC_WARN_64_TO_32_BIT_CONVERSION = YES;
				GCC_WARN_ABOUT_RETURN_TYPE = YES_ERROR;
				GCC_WARN_UNDECLARED_SELECTOR = YES;
				GCC_WARN_UNINITIALIZED_AUTOS = YES_AGGRESSIVE;
				GCC_WARN_UNUSED_FUNCTION = YES;
				GCC_WARN_UNUSED_VARIABLE = YES;
				IPHONEOS_DEPLOYMENT_TARGET = 14.2;
				MTL_ENABLE_DEBUG_INFO = NO;
				MTL_FAST_MATH = YES;
				SDKROOT = iphoneos;
				SWIFT_COMPILATION_MODE = wholemodule;
				SWIFT_OPTIMIZATION_LEVEL = "-O";
				VALIDATE_PRODUCT = YES;
			};
			name = Release;
		};
		90082657257CFBEB0007E598 /* Debug */ = {
			isa = XCBuildConfiguration;
			buildSettings = {
				ASSETCATALOG_COMPILER_APPICON_NAME = AppIcon;
				ASSETCATALOG_COMPILER_GLOBAL_ACCENT_COLOR_NAME = AccentColor;
				CODE_SIGN_STYLE = Automatic;
				DEVELOPMENT_ASSET_PATHS = "\"Blog/Preview Content\"";
				DEVELOPMENT_TEAM = LUCG367MSW;
				ENABLE_PREVIEWS = YES;
				INFOPLIST_FILE = Blog/Info.plist;
				IPHONEOS_DEPLOYMENT_TARGET = 14.0;
				LD_RUNPATH_SEARCH_PATHS = (
					"$(inherited)",
					"@executable_path/Frameworks",
				);
				PRODUCT_BUNDLE_IDENTIFIER = com.leozhou.Blog;
				PRODUCT_NAME = "$(TARGET_NAME)";
				SWIFT_VERSION = 5.0;
				TARGETED_DEVICE_FAMILY = "1,2";
			};
			name = Debug;
		};
		90082658257CFBEB0007E598 /* Release */ = {
			isa = XCBuildConfiguration;
			buildSettings = {
				ASSETCATALOG_COMPILER_APPICON_NAME = AppIcon;
				ASSETCATALOG_COMPILER_GLOBAL_ACCENT_COLOR_NAME = AccentColor;
				CODE_SIGN_STYLE = Automatic;
				DEVELOPMENT_ASSET_PATHS = "\"Blog/Preview Content\"";
				DEVELOPMENT_TEAM = LUCG367MSW;
				ENABLE_PREVIEWS = YES;
				INFOPLIST_FILE = Blog/Info.plist;
				IPHONEOS_DEPLOYMENT_TARGET = 14.0;
				LD_RUNPATH_SEARCH_PATHS = (
					"$(inherited)",
					"@executable_path/Frameworks",
				);
				PRODUCT_BUNDLE_IDENTIFIER = com.leozhou.Blog;
				PRODUCT_NAME = "$(TARGET_NAME)";
				SWIFT_VERSION = 5.0;
				TARGETED_DEVICE_FAMILY = "1,2";
			};
			name = Release;
		};
/* End XCBuildConfiguration section */

/* Begin XCConfigurationList section */
		9008263D257CFBE30007E598 /* Build configuration list for PBXProject "Blog" */ = {
			isa = XCConfigurationList;
			buildConfigurations = (
				90082654257CFBEB0007E598 /* Debug */,
				90082655257CFBEB0007E598 /* Release */,
			);
			defaultConfigurationIsVisible = 0;
			defaultConfigurationName = Release;
		};
		90082656257CFBEB0007E598 /* Build configuration list for PBXNativeTarget "Blog" */ = {
			isa = XCConfigurationList;
			buildConfigurations = (
				90082657257CFBEB0007E598 /* Debug */,
				90082658257CFBEB0007E598 /* Release */,
			);
			defaultConfigurationIsVisible = 0;
			defaultConfigurationName = Release;
		};
/* End XCConfigurationList section */

/* Begin XCVersionGroup section */
		90082650257CFBEB0007E598 /* Blog.xcdatamodeld */ = {
			isa = XCVersionGroup;
			children = (
				90082651257CFBEB0007E598 /* Blog.xcdatamodel */,
			);
			currentVersion = 90082651257CFBEB0007E598 /* Blog.xcdatamodel */;
			path = Blog.xcdatamodeld;
			sourceTree = "<group>";
			versionGroupType = wrapper.xcdatamodel;
		};
/* End XCVersionGroup section */
	};
	rootObject = 9008263A257CFBE30007E598 /* Project object */;
}
